version = 1
revision = 3
requires-python = ">=3.12"

[[package]]
name = "colorama"
version = "0.4.6"
source = { registry = "https://pypi.org/simple" }
sdist = { url = "https://files.pythonhosted.org/packages/d8/53/6f443c9a4a8358a93a6792e2acffb9d9d5cb0a5cfd8802644b7b1c9a02e4/colorama-0.4.6.tar.gz", hash = "sha256:08695f5cb7ed6e0531a20572697297273c47b8cae5a63ffc6d6ed5c201be6e44", size = 27697, upload-time = "2022-10-25T02:36:22.414Z" }
wheels = [
    { url = "https://files.pythonhosted.org/packages/d1/d6/3965ed04c63042e047cb6a3e6ed1a63a35087b6a609aa3a15ed8ac56c221/colorama-0.4.6-py2.py3-none-any.whl", hash = "sha256:4f1d9991f5acc0ca119f9d443620b77f9d6b33703e51011c16baf57afb285fc6", size = 25335, upload-time = "2022-10-25T02:36:20.889Z" },
]

[[package]]
name = "firmware"
version = "1.0.0"
source = { editable = "." }
dependencies = [
    { name = "pyham-ax25" },
    { name = "pyserial" },
    { name = "pystuffing" },
    { name = "textual" },
    { name = "tinyaes" },
]

[package.metadata]
requires-dist = [
    { name = "pyham-ax25", specifier = ">=1.0.3" },
    { name = "pyserial", specifier = ">=3.5" },
    { name = "pystuffing", specifier = ">=0.0.4" },
    { name = "textual", specifier = ">=8.2.6" },
    { name = "tinyaes", specifier = ">=1.1.2" },
]

[[package]]
name = "linkify-it-py"
version = "2.1.0"
source = { registry = "https://pypi.org/simple" }
dependencies = [
    { name = "uc-micro-py" },
]
sdist = { url = "https://files.pythonhosted.org/packages/2e/c9/06ea13676ef354f0af6169587ae292d3e2406e212876a413bf9eece4eb23/linkify_it_py-2.1.0.tar.gz", hash = "sha256:43360231720999c10e9328dc3691160e27a718e280673d444c38d7d3aaa3b98b", size = 29158, upload-time = "2026-03-01T07:48:47.683Z" }
wheels = [
    { url = "https://files.pythonhosted.org/packages/b4/de/88b3be5c31b22333b3ca2f6ff1de4e863d8fe45aaea7485f591970ec1d3e/linkify_it_py-2.1.0-py3-none-any.whl", hash = "sha256:0d252c1594ecba2ecedc444053db5d3a9b7ec1b0dd929c8f1d74dce89f86c05e", size = 19878, upload-time = "2026-03-01T07:48:46.098Z" },
]

[[package]]
name = "markdown-it-py"
version = "4.2.0"
source = { registry = "https://pypi.org/simple" }
dependencies = [
    { name = "mdurl" },
]
sdist = { url = "https://files.pythonhosted.org/packages/06/ff/7841249c247aa650a76b9ee4bbaeae59370dc8bfd2f6c01f3630c35eb134/markdown_it_py-4.2.0.tar.gz", hash = "sha256:04a21681d6fbb623de53f6f364d352309d4094dd4194040a10fd51833e418d49", size = 82454, upload-time = "2026-05-07T12:08:28.36Z" }
wheels = [
    { url = "https://files.pythonhosted.org/packages/b3/81/4da04ced5a082363ecfa159c010d200ecbd959ae410c10c0264a38cac0f5/markdown_it_py-4.2.0-py3-none-any.whl", hash = "sha256:9f7ebbcd14fe59494226453aed97c1070d83f8d24b6fc3a3bcf9a38092641c4a", size = 91687, upload-time = "2026-05-07T12:08:27.182Z" },
]

[package.optional-dependencies]
linkify = [
    { name = "linkify-it-py" },
]

[[package]]
name = "mdit-py-plugins"
version = "0.6.1"
source = { registry = "https://pypi.org/simple" }
dependencies = [
    { name = "markdown-it-py" },
]
sdist = { url = "https://files.pythonhosted.org/packages/59/fc/f8d0863f8862f25602c0404d75568e89fb6b4109804645e5cdfb1be5cf56/mdit_py_plugins-0.6.1.tar.gz", hash = "sha256:a2bca0f039f39dbd35fb74ae1b5f998608c437463371f0ff7f49a19a17a114d0", size = 56114, upload-time = "2026-05-13T09:03:38.91Z" }
wheels = [
    { url = "https://files.pythonhosted.org/packages/a5/69/6da5581c6a7fede7dc261bf4e67d6adca4196f176b43288b55b3db395b6e/mdit_py_plugins-0.6.1-py3-none-any.whl", hash = "sha256:214c82fb2ac524472ab6a5bcab1de80f73b50443e187f401bfd77efbc7c6481d", size = 66663, upload-time = "2026-05-13T09:03:37.76Z" },
]

[[package]]
name = "mdurl"
version = "0.1.2"
source = { registry = "https://pypi.org/simple" }
sdist = { url = "https://files.pythonhosted.org/packages/d6/54/cfe61301667036ec958cb99bd3efefba235e65cdeb9c84d24a8293ba1d90/mdurl-0.1.2.tar.gz", hash = "sha256:bb413d29f5eea38f31dd4754dd7377d4465116fb207585f97bf925588687c1ba", size = 8729, upload-time = "2022-08-14T12:40:10.846Z" }
wheels = [
    { url = "https://files.pythonhosted.org/packages/b3/38/89ba8ad64ae25be8de66a6d463314cf1eb366222074cfda9ee839c56a4b4/mdurl-0.1.2-py3-none-any.whl", hash = "sha256:84008a41e51615a49fc9966191ff91509e3c40b939176e643fd50a5c2196b8f8", size = 9979, upload-time = "2022-08-14T12:40:09.779Z" },
]

[[package]]
name = "platformdirs"
version = "4.9.6"
source = { registry = "https://pypi.org/simple" }
sdist = { url = "https://files.pythonhosted.org/packages/9f/4a/0883b8e3802965322523f0b200ecf33d31f10991d0401162f4b23c698b42/platformdirs-4.9.6.tar.gz", hash = "sha256:3bfa75b0ad0db84096ae777218481852c0ebc6c727b3168c1b9e0118e458cf0a", size = 29400, upload-time = "2026-04-09T00:04:10.812Z" }
wheels = [
    { url = "https://files.pythonhosted.org/packages/75/a6/a0a304dc33b49145b21f4808d763822111e67d1c3a32b524a1baf947b6e1/platformdirs-4.9.6-py3-none-any.whl", hash = "sha256:e61adb1d5e5cb3441b4b7710bea7e4c12250ca49439228cc1021c00dcfac0917", size = 21348, upload-time = "2026-04-09T00:04:09.463Z" },
]

[[package]]
name = "pygments"
version = "2.20.0"
source = { registry = "https://pypi.org/simple" }
sdist = { url = "https://files.pythonhosted.org/packages/c3/b2/bc9c9196916376152d655522fdcebac55e66de6603a76a02bca1b6414f6c/pygments-2.20.0.tar.gz", hash = "sha256:6757cd03768053ff99f3039c1a36d6c0aa0b263438fcab17520b30a303a82b5f", size = 4955991, upload-time = "2026-03-29T13:29:33.898Z" }
wheels = [
    { url = "https://files.pythonhosted.org/packages/f4/7e/a72dd26f3b0f4f2bf1dd8923c85f7ceb43172af56d63c7383eb62b332364/pygments-2.20.0-py3-none-any.whl", hash = "sha256:81a9e26dd42fd28a23a2d169d86d7ac03b46e2f8b59ed4698fb4785f946d0176", size = 1231151, upload-time = "2026-03-29T13:29:30.038Z" },
]

[[package]]
name = "pyham-ax25"
version = "1.0.3"
source = { registry = "https://pypi.org/simple" }
sdist = { url = "https://files.pythonhosted.org/packages/51/75/3e206fb1583499137f36709f4aed440ebfa41866b495d1206c173c13fc3f/pyham_ax25-1.0.3.tar.gz", hash = "sha256:55111ebcbbe5c1a5c57681e02aacb28ab072598c2f1690e70d0864b67e1fd3ac", size = 141486, upload-time = "2025-08-04T21:12:05.444Z" }
wheels = [
    { url = "https://files.pythonhosted.org/packages/3b/05/f27232b3cee4d527270f94bd6c86646417b897cf19c3d9aac09d7ad8229c/pyham_ax25-1.0.3-py3-none-any.whl", hash = "sha256:5eed7c2fccab2024e83bcd6fa5be8220de22f3e64a269eac7bc697569655c30f", size = 17758, upload-time = "2025-08-04T21:12:04.084Z" },
]

[[package]]
name = "pyserial"
version = "3.5"
source = { registry = "https://pypi.org/simple" }
sdist = { url = "https://files.pythonhosted.org/packages/1e/7d/ae3f0a63f41e4d2f6cb66a5b57197850f919f59e558159a4dd3a818f5082/pyserial-3.5.tar.gz", hash = "sha256:3c77e014170dfffbd816e6ffc205e9842efb10be9f58ec16d3e8675b4925cddb", size = 159125, upload-time = "2020-11-23T03:59:15.045Z" }
wheels = [
    { url = "https://files.pythonhosted.org/packages/07/bc/587a445451b253b285629263eb51c2d8e9bcea4fc97826266d186f96f558/pyserial-3.5-py2.py3-none-any.whl", hash = "sha256:c4451db6ba391ca6ca299fb3ec7bae67a5c55dde170964c7a14ceefec02f2cf0", size = 90585, upload-time = "2020-11-23T03:59:13.41Z" },
]

[[package]]
name = "pystuffing"
version = "0.0.4"
source = { registry = "https://pypi.org/simple" }
dependencies = [
    { name = "colorama" },
]
sdist = { url = "https://files.pythonhosted.org/packages/85/c5/3b5a23b24c6c488d856a92929f7ea26094efa0f3aeb64d430dbed2fc900e/pyStuffing-0.0.4.tar.gz", hash = "sha256:f70b8430d7299bc5c6bc17e74c50393eeca7e044ea93201f286c02cb9f9a5695", size = 4130, upload-time = "2021-05-13T09:17:38.046Z" }
wheels = [
    { url = "https://files.pythonhosted.org/packages/0f/01/db572e37a75efaa690238d31ce77990247b3e630fdb5615fdc0e11cabf4c/pyStuffing-0.0.4-py3-none-any.whl", hash = "sha256:01263ec30d98216000706df77042950a6d77d0d61a24a2a1c1d491883bc43fc8", size = 4743, upload-time = "2021-05-13T09:17:36.89Z" },
]

[[package]]
name = "rich"
version = "15.0.0"
source = { registry = "https://pypi.org/simple" }
dependencies = [
    { name = "markdown-it-py" },
    { name = "pygments" },
]
sdist = { url = "https://files.pythonhosted.org/packages/c0/8f/0722ca900cc807c13a6a0c696dacf35430f72e0ec571c4275d2371fca3e9/rich-15.0.0.tar.gz", hash = "sha256:edd07a4824c6b40189fb7ac9bc4c52536e9780fbbfbddf6f1e2502c31b068c36", size = 230680, upload-time = "2026-04-12T08:24:00.75Z" }
wheels = [
    { url = "https://files.pythonhosted.org/packages/82/3b/64d4899d73f91ba49a8c18a8ff3f0ea8f1c1d75481760df8c68ef5235bf5/rich-15.0.0-py3-none-any.whl", hash = "sha256:33bd4ef74232fb73fe9279a257718407f169c09b78a87ad3d296f548e27de0bb", size = 310654, upload-time = "2026-04-12T08:24:02.83Z" },
]

[[package]]
name = "textual"
version = "8.2.6"
source = { registry = "https://pypi.org/simple" }
dependencies = [
    { name = "markdown-it-py", extra = ["linkify"] },
    { name = "mdit-py-plugins" },
    { name = "platformdirs" },
    { name = "pygments" },
    { name = "rich" },
    { name = "typing-extensions" },
]
sdist = { url = "https://files.pythonhosted.org/packages/1c/b3/b62658f6cf808d28e4d16a07509728a7b17824f55a6d3533f017fd4566b0/textual-8.2.6.tar.gz", hash = "sha256:cef3714498a120a99278b98d4c165c278844e73db50f1db039aaabd89f2d1b63", size = 1856990, upload-time = "2026-05-13T09:56:12.281Z" }
wheels = [
    { url = "https://files.pythonhosted.org/packages/b8/b4/c2b876f445e52522824cb900f2c7db3a7c24f89d20449ef278b4195d0ecb/textual-8.2.6-py3-none-any.whl", hash = "sha256:17c92bec7ff1617bd7db2a3d9734b0c3b7d2c274c67d5eba94371ea2f99a63fd", size = 729855, upload-time = "2026-05-13T09:56:14.687Z" },
]

[[package]]
name = "tinyaes"
version = "1.1.2"
source = { registry = "https://pypi.org/simple" }
sdist = { url = "https://files.pythonhosted.org/packages/0b/ba/6d058d0bee1e06ee61c8226c127c10d942e4fbacc2819f05afae67835ae1/tinyaes-1.1.2.tar.gz", hash = "sha256:ac045558486ba1832183a41e807d7d8389439d6cfea237dbd70205d6fc6c63ce", size = 83466, upload-time = "2025-12-01T08:47:18.552Z" }
wheels = [
    { url = "https://files.pythonhosted.org/packages/62/51/4f01fa803d8bdd784f29b107d8339aad7dca0850f900486f9297b893eb07/tinyaes-1.1.2-cp312-cp312-macosx_10_13_universal2.whl", hash = "sha256:02b4562c2e264807d99292fc1ee27161496d40c01fe3cfccedd76aad8c449b61", size = 57516, upload-time = "2025-12-01T08:46:53.102Z" },
    { url = "https://files.pythonhosted.org/packages/a9/3d/8982ecc54cf89a39de725b8936ea6f7151518d422e74b63028df0aaf2cbc/tinyaes-1.1.2-cp312-cp312-macosx_10_13_x86_64.whl", hash = "sha256:e14122b4a6e1b8c74a38e03eb1e0ca45ef3a4b879509c5163035ee987ee53f03", size = 31038, upload-time = "2025-12-01T08:46:53.843Z" },
    { url = "https://files.pythonhosted.org/packages/b9/e7/736d1d2c8ca2969c2f905fabfb5b6e4e208e30eb62e079309889d25a397f/tinyaes-1.1.2-cp312-cp312-macosx_11_0_arm64.whl", hash = "sha256:32a1b9f495e75142cba1d5fbdf4fb1aaa8fc04e4bc656990a9cc37cbb85d3cdc", size = 31002, upload-time = "2025-12-01T08:46:54.83Z" },
    { url = "https://files.pythonhosted.org/packages/a2/73/fec7137d90eade631fa66a86dd8b20d502cdd57050f13ecd268c439145f4/tinyaes-1.1.2-cp312-cp312-manylinux2014_x86_64.manylinux_2_17_x86_64.manylinux_2_28_x86_64.whl", hash = "sha256:d6efcf7b1a1a6fd276134edf2917a6964c74eefeb84e0edc7e4a2ae89f86a181", size = 165569, upload-time = "2025-12-01T08:46:55.543Z" },
    { url = "https://files.pythonhosted.org/packages/cf/b6/2d09afaeea5a4ba3583c44ffe86b9fa0679c8ba212202866501ec74cc552/tinyaes-1.1.2-cp312-cp312-win32.whl", hash = "sha256:e8402f5df5b43381ecdc336b892fb0b5f768e873f9d1d4868e4e0a16a1581ff7", size = 27501, upload-time = "2025-12-01T08:46:56.555Z" },
    { url = "https://files.pythonhosted.org/packages/c7/64/b8ffbfb30c762b8b3e9c2fc10725b2388cab64a59c75e46eecfa01bbc85c/tinyaes-1.1.2-cp312-cp312-win_amd64.whl", hash = "sha256:d627d2e62c9ee7dc843e2d03d33dc5734d34e7ba6d7268d7a1ae803e560b392c", size = 30839, upload-time = "2025-12-01T08:46:57.53Z" },
    { url = "https://files.pythonhosted.org/packages/26/e8/401158531ebefbbe2ffa21b9ff187ed6ca5c47ff616d2708d936b54e3f93/tinyaes-1.1.2-cp313-cp313-macosx_10_13_universal2.whl", hash = "sha256:6e484bbb90883b1f14e8bd3b3df34d2aec15692ee9dcf16e4fc03a17a10f3f48", size = 56246, upload-time = "2025-12-01T08:46:58.243Z" },
    { url = "https://files.pythonhosted.org/packages/55/29/394bb430b85cc41164ba0f236c711a623c5b72894dbb3beafde9a75d8aec/tinyaes-1.1.2-cp313-cp313-macosx_10_13_x86_64.whl", hash = "sha256:55197cd5cb61d47c64800c91241b89e280f55243b928504a72ecc7dc98139a3e", size = 30427, upload-time = "2025-12-01T08:46:59.06Z" },
    { url = "https://files.pythonhosted.org/packages/76/a0/0b4dedd7a68a9dcee8974a07181cb7fee812643aa4a918418d2fc861f2c5/tinyaes-1.1.2-cp313-cp313-macosx_11_0_arm64.whl", hash = "sha256:c03d9ad81369dd229a0cc4c344f901f97aec41d92f79c7d050b3ba4b82bdd551", size = 30364, upload-time = "2025-12-01T08:47:00.04Z" },
    { url = "https://files.pythonhosted.org/packages/6f/8e/8ebde6ab10c235008f64bb3018a60f8e0bb3b28868c9edcfdd2546b1b7a5/tinyaes-1.1.2-cp313-cp313-manylinux2014_x86_64.manylinux_2_17_x86_64.manylinux_2_28_x86_64.whl", hash = "sha256:7a8ab226ecde59c3910f8738d931636ca6b2d84bb1efa5d988d8289c3c71a483", size = 161520, upload-time = "2025-12-01T08:47:00.765Z" },
    { url = "https://files.pythonhosted.org/packages/47/26/1e1da3ff2456d5653756030d76b1838f3f83850165944b999af8506ded86/tinyaes-1.1.2-cp313-cp313-win32.whl", hash = "sha256:889c4392a9e419d751f8c85ba565f420111fe410497e5ed24dbfc6de8c10cfff", size = 27116, upload-time = "2025-12-01T08:47:01.613Z" },
    { url = "https://files.pythonhosted.org/packages/25/10/ea3d49608a806190e6f16ded0b090c8be1ce9527b53ebf5bd9a033db309e/tinyaes-1.1.2-cp313-cp313-win_amd64.whl", hash = "sha256:147aa7db01d621c300b80a0a41c2dc8fe9e8ad42838973da14c92fc7b5c8d651", size = 30168, upload-time = "2025-12-01T08:47:02.62Z" },
    { url = "https://files.pythonhosted.org/packages/b8/34/5512881c6b0775396d775acd252d7396c928b1ecf5a213222c2859b18318/tinyaes-1.1.2-cp314-cp314-macosx_10_15_universal2.whl", hash = "sha256:c9cf58dcb8911640d9dc9a909142f1d0fd4d1372de189f0e5cb2a795a18c0fe4", size = 56671, upload-time = "2025-12-01T08:47:03.685Z" },
    { url = "https://files.pythonhosted.org/packages/19/7f/bd7f49b65dcc0380709bcedea10bc72de991883dbe0a6b711e5870893b7b/tinyaes-1.1.2-cp314-cp314-macosx_10_15_x86_64.whl", hash = "sha256:e2d176778b4a1c9b7697e90156e576c4bdbdb9d39a2fcce195de270057d897ca", size = 30676, upload-time = "2025-12-01T08:47:04.735Z" },
    { url = "https://files.pythonhosted.org/packages/e1/07/7421e34f812eb7808dcebc79909fb655b21f2fd63ddcc6cc83c9c19dbcf3/tinyaes-1.1.2-cp314-cp314-macosx_11_0_arm64.whl", hash = "sha256:514c8b932b2c07928b4224d2edc2ea8a993b5e01565dca3605a1e85a83c360d2", size = 30529, upload-time = "2025-12-01T08:47:05.826Z" },
    { url = "https://files.pythonhosted.org/packages/d4/e5/70e3af90cee39d2fcfb9b6f03ac08b33c2e804ef29b1dcd0fa9587e5e4b1/tinyaes-1.1.2-cp314-cp314-manylinux2014_x86_64.manylinux_2_17_x86_64.manylinux_2_28_x86_64.whl", hash = "sha256:01fd14ce1b3bdd8610d69596973f9251ba6805298511b20ddf0a9580aab8f750", size = 160095, upload-time = "2025-12-01T08:47:06.513Z" },
    { url = "https://files.pythonhosted.org/packages/c6/11/206937b6556c480295c04760b27354e67af910d38c2ce106dec45dd1ad35/tinyaes-1.1.2-cp314-cp314-win32.whl", hash = "sha256:5c634f31c7362c82984e14ca5c4289df1e0c8794c3cb123d58e0ba47809757c0", size = 28006, upload-time = "2025-12-01T08:47:07.347Z" },
    { url = "https://files.pythonhosted.org/packages/e5/6e/f746ef835baae6aa932a46d5fc46e1122579e55599647d72df6c8e18aa2f/tinyaes-1.1.2-cp314-cp314-win_amd64.whl", hash = "sha256:f5ced098d2e7bcd97baaecdb236a3d86fe937a577f79b1f0301df7bfdf002d2a", size = 30949, upload-time = "2025-12-01T08:47:08.009Z" },
]

[[package]]
name = "typing-extensions"
version = "4.15.0"
source = { registry = "https://pypi.org/simple" }
sdist = { url = "https://files.pythonhosted.org/packages/72/94/1a15dd82efb362ac84269196e94cf00f187f7ed21c242792a923cdb1c61f/typing_extensions-4.15.0.tar.gz", hash = "sha256:0cea48d173cc12fa28ecabc3b837ea3cf6f38c6d1136f85cbaaf598984861466", size = 109391, upload-time = "2025-08-25T13:49:26.313Z" }
wheels = [
    { url = "https://files.pythonhosted.org/packages/18/67/36e9267722cc04a6b9f15c7f3441c2363321a3ea07da7ae0c0707beb2a9c/typing_extensions-4.15.0-py3-none-any.whl", hash = "sha256:f0fa19c6845758ab08074a0cfa8b7aecb71c999ca73d62883bc25cc018c4e548", size = 44614, upload-time = "2025-08-25T13:49:24.86Z" },
]

[[package]]
name = "uc-micro-py"
version = "2.0.0"
source = { registry = "https://pypi.org/simple" }
sdist = { url = "https://files.pythonhosted.org/packages/78/67/9a363818028526e2d4579334460df777115bdec1bb77c08f9db88f6389f2/uc_micro_py-2.0.0.tar.gz", hash = "sha256:c53691e495c8db60e16ffc4861a35469b0ba0821fe409a8a7a0a71864d33a811", size = 6611, upload-time = "2026-03-01T06:31:27.526Z" }
wheels = [
    { url = "https://files.pythonhosted.org/packages/61/73/d21edf5b204d1467e06500080a50f79d49ef2b997c79123a536d4a17d97c/uc_micro_py-2.0.0-py3-none-any.whl", hash = "sha256:3603a3859af53e5a39bc7677713c78ea6589ff188d70f4fee165db88e22b242c", size = 6383, upload-time = "2026-03-01T06:31:26.257Z" },
]
